
Microsoft Visual Studio Solution File, Format Version 12.00
# Visual Studio Version 17
VisualStudioVersion = 17.10.35013.160
MinimumVisualStudioVersion = 10.0.40219.1
Project("{FAE04EC0-301F-11D3-BF4B-00C04F79EFBC}") = "AppCalculadoraIntereses", "AppCalculadoraIntereses\AppCalculadoraIntereses.csproj", "{F1B68658-66B9-434E-AA09-206235E58A2B}"
EndProject
Global
	GlobalSection(SolutionConfigurationPlatforms) = preSolution
		Debug|Any CPU = Debug|Any CPU
		Release|Any CPU = Release|Any CPU
	EndGlobalSection
	GlobalSection(ProjectConfigurationPlatforms) = postSolution
		{F1B68658-66B9-434E-AA09-206235E58A2B}.Debug|Any CPU.ActiveCfg = Debug|Any CPU
		{F1B68658-66B9-434E-AA09-206235E58A2B}.Debug|Any CPU.Build.0 = Debug|Any CPU
		{F1B68658-66B9-434E-AA09-206235E58A2B}.Release|Any CPU.ActiveCfg = Release|Any CPU
		{F1B68658-66B9-434E-AA09-206235E58A2B}.Release|Any CPU.Build.0 = Release|Any CPU
	EndGlobalSection
	GlobalSection(SolutionProperties) = preSolution
		HideSolutionNode = FALSE
	EndGlobalSection
	GlobalSection(ExtensibilityGlobals) = postSolution
		SolutionGuid = {4B30A862-EFD7-42CA-8DA6-39229460E35A}
	EndGlobalSection
EndGlobal
